
Microsoft Visual Studio Solution File, Format Version 12.00
# Visual Studio Version 17
VisualStudioVersion = 17.0.31903.59
MinimumVisualStudioVersion = 10.0.40219.1
Project("{FAE04EC0-301F-11D3-BF4B-00C04F79EFBC}") = "ReverseString.Library", "ReverseString.Library\ReverseString.Library.csproj", "{89E1AC41-4AD0-4F13-BBBD-09351FBC16DE}"
EndProject
Project("{FAE04EC0-301F-11D3-BF4B-00C04F79EFBC}") = "ReverseString.Tests", "ReverseString.Tests\ReverseString.Tests.csproj", "{32F5069A-4FA3-4F95-A960-4CB294D215EE}"
EndProject
Project("{FAE04EC0-301F-11D3-BF4B-00C04F79EFBC}") = "ReverseString.Demo", "ReverseString.Demo\ReverseString.Demo.csproj", "{AB361EC4-965D-4175-9ED1-A96BE7773F67}"
EndProject
Global
	GlobalSection(SolutionConfigurationPlatforms) = preSolution
		Debug|Any CPU = Debug|Any CPU
		Debug|x64 = Debug|x64
		Debug|x86 = Debug|x86
		Release|Any CPU = Release|Any CPU
		Release|x64 = Release|x64
		Release|x86 = Release|x86
	EndGlobalSection
	GlobalSection(ProjectConfigurationPlatforms) = postSolution
		{89E1AC41-4AD0-4F13-BBBD-09351FBC16DE}.Debug|Any CPU.ActiveCfg = Debug|Any CPU
		{89E1AC41-4AD0-4F13-BBBD-09351FBC16DE}.Debug|Any CPU.Build.0 = Debug|Any CPU
		{89E1AC41-4AD0-4F13-BBBD-09351FBC16DE}.Debug|x64.ActiveCfg = Debug|Any CPU
		{89E1AC41-4AD0-4F13-BBBD-09351FBC16DE}.Debug|x64.Build.0 = Debug|Any CPU
		{89E1AC41-4AD0-4F13-BBBD-09351FBC16DE}.Debug|x86.ActiveCfg = Debug|Any CPU
		{89E1AC41-4AD0-4F13-BBBD-09351FBC16DE}.Debug|x86.Build.0 = Debug|Any CPU
		{89E1AC41-4AD0-4F13-BBBD-09351FBC16DE}.Release|Any CPU.ActiveCfg = Release|Any CPU
		{89E1AC41-4AD0-4F13-BBBD-09351FBC16DE}.Release|Any CPU.Build.0 = Release|Any CPU
		{89E1AC41-4AD0-4F13-BBBD-09351FBC16DE}.Release|x64.ActiveCfg = Release|Any CPU
		{89E1AC41-4AD0-4F13-BBBD-09351FBC16DE}.Release|x64.Build.0 = Release|Any CPU
		{89E1AC41-4AD0-4F13-BBBD-09351FBC16DE}.Release|x86.ActiveCfg = Release|Any CPU
		{89E1AC41-4AD0-4F13-BBBD-09351FBC16DE}.Release|x86.Build.0 = Release|Any CPU
		{32F5069A-4FA3-4F95-A960-4CB294D215EE}.Debug|Any CPU.ActiveCfg = Debug|Any CPU
		{32F5069A-4FA3-4F95-A960-4CB294D215EE}.Debug|Any CPU.Build.0 = Debug|Any CPU
		{32F5069A-4FA3-4F95-A960-4CB294D215EE}.Debug|x64.ActiveCfg = Debug|Any CPU
		{32F5069A-4FA3-4F95-A960-4CB294D215EE}.Debug|x64.Build.0 = Debug|Any CPU
		{32F5069A-4FA3-4F95-A960-4CB294D215EE}.Debug|x86.ActiveCfg = Debug|Any CPU
		{32F5069A-4FA3-4F95-A960-4CB294D215EE}.Debug|x86.Build.0 = Debug|Any CPU
		{32F5069A-4FA3-4F95-A960-4CB294D215EE}.Release|Any CPU.ActiveCfg = Release|Any CPU
		{32F5069A-4FA3-4F95-A960-4CB294D215EE}.Release|Any CPU.Build.0 = Release|Any CPU
		{32F5069A-4FA3-4F95-A960-4CB294D215EE}.Release|x64.ActiveCfg = Release|Any CPU
		{32F5069A-4FA3-4F95-A960-4CB294D215EE}.Release|x64.Build.0 = Release|Any CPU
		{32F5069A-4FA3-4F95-A960-4CB294D215EE}.Release|x86.ActiveCfg = Release|Any CPU
		{32F5069A-4FA3-4F95-A960-4CB294D215EE}.Release|x86.Build.0 = Release|Any CPU
		{AB361EC4-965D-4175-9ED1-A96BE7773F67}.Debug|Any CPU.ActiveCfg = Debug|Any CPU
		{AB361EC4-965D-4175-9ED1-A96BE7773F67}.Debug|Any CPU.Build.0 = Debug|Any CPU
		{AB361EC4-965D-4175-9ED1-A96BE7773F67}.Debug|x64.ActiveCfg = Debug|Any CPU
		{AB361EC4-965D-4175-9ED1-A96BE7773F67}.Debug|x64.Build.0 = Debug|Any CPU
		{AB361EC4-965D-4175-9ED1-A96BE7773F67}.Debug|x86.ActiveCfg = Debug|Any CPU
		{AB361EC4-965D-4175-9ED1-A96BE7773F67}.Debug|x86.Build.0 = Debug|Any CPU
		{AB361EC4-965D-4175-9ED1-A96BE7773F67}.Release|Any CPU.ActiveCfg = Release|Any CPU
		{AB361EC4-965D-4175-9ED1-A96BE7773F67}.Release|Any CPU.Build.0 = Release|Any CPU
		{AB361EC4-965D-4175-9ED1-A96BE7773F67}.Release|x64.ActiveCfg = Release|Any CPU
		{AB361EC4-965D-4175-9ED1-A96BE7773F67}.Release|x64.Build.0 = Release|Any CPU
		{AB361EC4-965D-4175-9ED1-A96BE7773F67}.Release|x86.ActiveCfg = Release|Any CPU
		{AB361EC4-965D-4175-9ED1-A96BE7773F67}.Release|x86.Build.0 = Release|Any CPU
	EndGlobalSection
	GlobalSection(SolutionProperties) = preSolution
		HideSolutionNode = FALSE
	EndGlobalSection
EndGlobal
